
Microsoft Visual Studio Solution File, Format Version 12.00
# Visual Studio Version 16
VisualStudioVersion = 16.0.29324.140
MinimumVisualStudioVersion = 10.0.40219.1
Project("{FAE04EC0-301F-11D3-BF4B-00C04F79EFBC}") = "MailingListFormsApp", "MailingListFormsApp\MailingListFormsApp.csproj", "{91E9504B-DF31-4FA9-B751-4E924FB0AE13}"
EndProject
Global
	GlobalSection(SolutionConfigurationPlatforms) = preSolution
		Debug|Any CPU = Debug|Any CPU
		Release|Any CPU = Release|Any CPU
	EndGlobalSection
	GlobalSection(ProjectConfigurationPlatforms) = postSolution
		{91E9504B-DF31-4FA9-B751-4E924FB0AE13}.Debug|Any CPU.ActiveCfg = Debug|Any CPU
		{91E9504B-DF31-4FA9-B751-4E924FB0AE13}.Debug|Any CPU.Build.0 = Debug|Any CPU
		{91E9504B-DF31-4FA9-B751-4E924FB0AE13}.Release|Any CPU.ActiveCfg = Release|Any CPU
		{91E9504B-DF31-4FA9-B751-4E924FB0AE13}.Release|Any CPU.Build.0 = Release|Any CPU
	EndGlobalSection
	GlobalSection(SolutionProperties) = preSolution
		HideSolutionNode = FALSE
	EndGlobalSection
	GlobalSection(ExtensibilityGlobals) = postSolution
		SolutionGuid = {8A759A35-17E1-467A-9477-1E0330451C3C}
	EndGlobalSection
EndGlobal
